
Microsoft Visual Studio Solution File, Format Version 12.00
# Visual Studio Version 17
VisualStudioVersion = 17.8.34316.72
MinimumVisualStudioVersion = 10.0.40219.1
Project("{FAE04EC0-301F-11D3-BF4B-00C04F79EFBC}") = "Hospital_project", "Hospital_project\Hospital_project.csproj", "{D120CBD3-54FA-45EA-9EFF-269BC01D3DCF}"
EndProject
Global
	GlobalSection(SolutionConfigurationPlatforms) = preSolution
		Debug|Any CPU = Debug|Any CPU
		Release|Any CPU = Release|Any CPU
	EndGlobalSection
	GlobalSection(ProjectConfigurationPlatforms) = postSolution
		{D120CBD3-54FA-45EA-9EFF-269BC01D3DCF}.Debug|Any CPU.ActiveCfg = Debug|Any CPU
		{D120CBD3-54FA-45EA-9EFF-269BC01D3DCF}.Debug|Any CPU.Build.0 = Debug|Any CPU
		{D120CBD3-54FA-45EA-9EFF-269BC01D3DCF}.Release|Any CPU.ActiveCfg = Release|Any CPU
		{D120CBD3-54FA-45EA-9EFF-269BC01D3DCF}.Release|Any CPU.Build.0 = Release|Any CPU
	EndGlobalSection
	GlobalSection(SolutionProperties) = preSolution
		HideSolutionNode = FALSE
	EndGlobalSection
	GlobalSection(ExtensibilityGlobals) = postSolution
		SolutionGuid = {5FDBCB4B-1010-45E3-A536-DDE2EF9BCD00}
	EndGlobalSection
EndGlobal
